
Microsoft Visual Studio Solution File, Format Version 12.00
# Visual Studio Version 16
VisualStudioVersion = 16.0.30611.23
MinimumVisualStudioVersion = 10.0.40219.1
Project("{FAE04EC0-301F-11D3-BF4B-00C04F79EFBC}") = "Movileanu_Alin_Lab3", "Movileanu_Alin_Lab3.csproj", "{4069DCAB-C597-4804-A014-7E4C9C2D4780}"
EndProject
Global
	GlobalSection(SolutionConfigurationPlatforms) = preSolution
		Debug|Any CPU = Debug|Any CPU
		Release|Any CPU = Release|Any CPU
	EndGlobalSection
	GlobalSection(ProjectConfigurationPlatforms) = postSolution
		{4069DCAB-C597-4804-A014-7E4C9C2D4780}.Debug|Any CPU.ActiveCfg = Debug|Any CPU
		{4069DCAB-C597-4804-A014-7E4C9C2D4780}.Debug|Any CPU.Build.0 = Debug|Any CPU
		{4069DCAB-C597-4804-A014-7E4C9C2D4780}.Release|Any CPU.ActiveCfg = Release|Any CPU
		{4069DCAB-C597-4804-A014-7E4C9C2D4780}.Release|Any CPU.Build.0 = Release|Any CPU
	EndGlobalSection
	GlobalSection(SolutionProperties) = preSolution
		HideSolutionNode = FALSE
	EndGlobalSection
	GlobalSection(ExtensibilityGlobals) = postSolution
		SolutionGuid = {51732529-AB4B-4F8B-8F8C-CE09929C6043}
	EndGlobalSection
EndGlobal
